
Microsoft Visual Studio Solution File, Format Version 12.00
# Visual Studio Version 17
VisualStudioVersion = 17.11.35327.3
MinimumVisualStudioVersion = 10.0.40219.1
Project("{FAE04EC0-301F-11D3-BF4B-00C04F79EFBC}") = "CalculatorApp", "CalculatorApp.csproj", "{F98ADB7C-C413-4897-8938-787C067E5768}"
EndProject
Global
	GlobalSection(SolutionConfigurationPlatforms) = preSolution
		Debug|Any CPU = Debug|Any CPU
		Release|Any CPU = Release|Any CPU
	EndGlobalSection
	GlobalSection(ProjectConfigurationPlatforms) = postSolution
		{F98ADB7C-C413-4897-8938-787C067E5768}.Debug|Any CPU.ActiveCfg = Debug|Any CPU
		{F98ADB7C-C413-4897-8938-787C067E5768}.Debug|Any CPU.Build.0 = Debug|Any CPU
		{F98ADB7C-C413-4897-8938-787C067E5768}.Release|Any CPU.ActiveCfg = Release|Any CPU
		{F98ADB7C-C413-4897-8938-787C067E5768}.Release|Any CPU.Build.0 = Release|Any CPU
	EndGlobalSection
	GlobalSection(SolutionProperties) = preSolution
		HideSolutionNode = FALSE
	EndGlobalSection
	GlobalSection(ExtensibilityGlobals) = postSolution
		SolutionGuid = {44979B00-365E-4CD2-B4E8-A0171B02250E}
	EndGlobalSection
EndGlobal
